
Microsoft Visual Studio Solution File, Format Version 12.00
# Visual Studio 15
VisualStudioVersion = 15.0.28307.852
MinimumVisualStudioVersion = 10.0.40219.1
Project("{FAE04EC0-301F-11D3-BF4B-00C04F79EFBC}") = "V7_API_PSBO", "V7_API_PSBO\V7_API_PSBO.csproj", "{B32B7370-22D9-425B-95B4-B21051380E91}"
EndProject
Project("{FAE04EC0-301F-11D3-BF4B-00C04F79EFBC}") = "V7_API_BASE", "V7_API_BASE\V7_API_BASE.csproj", "{52EF4F13-5A2E-4884-907C-14E9E348DE1F}"
EndProject
Project("{FAE04EC0-301F-11D3-BF4B-00C04F79EFBC}") = "V7_API_PSBO_BUSINESS_LAYER", "V7_API_PSBO_BUSINESS_LAYER\V7_API_PSBO_BUSINESS_LAYER.csproj", "{85CCC5FB-BC15-443C-95B1-772A6A7EC288}"
EndProject
Project("{FAE04EC0-301F-11D3-BF4B-00C04F79EFBC}") = "V7_API_PSBO_DATA_MODEL", "V7_API_PSBO_DATA_MODEL\V7_API_PSBO_DATA_MODEL.csproj", "{4DAD1D49-E020-4461-BE5B-849660320F2F}"
EndProject
Project("{FAE04EC0-301F-11D3-BF4B-00C04F79EFBC}") = "V7_API_PSBO_DATA_ACCESS", "V7_API_PSBO_DATA_ACCESS\V7_API_PSBO_DATA_ACCESS.csproj", "{A687B17F-C0CB-4C1B-8D3F-4723498773C8}"
EndProject
Project("{FAE04EC0-301F-11D3-BF4B-00C04F79EFBC}") = "V7_BOT", "V7_BOT\V7_BOT.csproj", "{6CB049A8-8497-4971-8E58-9B1B74D56C64}"
EndProject
Global
	GlobalSection(SolutionConfigurationPlatforms) = preSolution
		Debug|Any CPU = Debug|Any CPU
		Release|Any CPU = Release|Any CPU
	EndGlobalSection
	GlobalSection(ProjectConfigurationPlatforms) = postSolution
		{B32B7370-22D9-425B-95B4-B21051380E91}.Debug|Any CPU.ActiveCfg = Debug|Any CPU
		{B32B7370-22D9-425B-95B4-B21051380E91}.Debug|Any CPU.Build.0 = Debug|Any CPU
		{B32B7370-22D9-425B-95B4-B21051380E91}.Release|Any CPU.ActiveCfg = Release|Any CPU
		{B32B7370-22D9-425B-95B4-B21051380E91}.Release|Any CPU.Build.0 = Release|Any CPU
		{52EF4F13-5A2E-4884-907C-14E9E348DE1F}.Debug|Any CPU.ActiveCfg = Debug|Any CPU
		{52EF4F13-5A2E-4884-907C-14E9E348DE1F}.Debug|Any CPU.Build.0 = Debug|Any CPU
		{52EF4F13-5A2E-4884-907C-14E9E348DE1F}.Release|Any CPU.ActiveCfg = Release|Any CPU
		{52EF4F13-5A2E-4884-907C-14E9E348DE1F}.Release|Any CPU.Build.0 = Release|Any CPU
		{85CCC5FB-BC15-443C-95B1-772A6A7EC288}.Debug|Any CPU.ActiveCfg = Debug|Any CPU
		{85CCC5FB-BC15-443C-95B1-772A6A7EC288}.Debug|Any CPU.Build.0 = Debug|Any CPU
		{85CCC5FB-BC15-443C-95B1-772A6A7EC288}.Release|Any CPU.ActiveCfg = Release|Any CPU
		{85CCC5FB-BC15-443C-95B1-772A6A7EC288}.Release|Any CPU.Build.0 = Release|Any CPU
		{4DAD1D49-E020-4461-BE5B-849660320F2F}.Debug|Any CPU.ActiveCfg = Debug|Any CPU
		{4DAD1D49-E020-4461-BE5B-849660320F2F}.Debug|Any CPU.Build.0 = Debug|Any CPU
		{4DAD1D49-E020-4461-BE5B-849660320F2F}.Release|Any CPU.ActiveCfg = Release|Any CPU
		{4DAD1D49-E020-4461-BE5B-849660320F2F}.Release|Any CPU.Build.0 = Release|Any CPU
		{A687B17F-C0CB-4C1B-8D3F-4723498773C8}.Debug|Any CPU.ActiveCfg = Debug|Any CPU
		{A687B17F-C0CB-4C1B-8D3F-4723498773C8}.Debug|Any CPU.Build.0 = Debug|Any CPU
		{A687B17F-C0CB-4C1B-8D3F-4723498773C8}.Release|Any CPU.ActiveCfg = Release|Any CPU
		{A687B17F-C0CB-4C1B-8D3F-4723498773C8}.Release|Any CPU.Build.0 = Release|Any CPU
		{6CB049A8-8497-4971-8E58-9B1B74D56C64}.Debug|Any CPU.ActiveCfg = Debug|Any CPU
		{6CB049A8-8497-4971-8E58-9B1B74D56C64}.Debug|Any CPU.Build.0 = Debug|Any CPU
		{6CB049A8-8497-4971-8E58-9B1B74D56C64}.Release|Any CPU.ActiveCfg = Release|Any CPU
		{6CB049A8-8497-4971-8E58-9B1B74D56C64}.Release|Any CPU.Build.0 = Release|Any CPU
	EndGlobalSection
	GlobalSection(SolutionProperties) = preSolution
		HideSolutionNode = FALSE
	EndGlobalSection
	GlobalSection(ExtensibilityGlobals) = postSolution
		SolutionGuid = {B605EC4B-4C0D-44C4-B575-BAACE8E1A16D}
	EndGlobalSection
EndGlobal
